
Microsoft Visual Studio Solution File, Format Version 12.00
# Visual Studio Version 16
VisualStudioVersion = 25.0.1706.8
MinimumVisualStudioVersion = 10.0.40219.1
Project("{FAE04EC0-301F-11D3-BF4B-00C04F79EFBC}") = "net-core-7-maui-rest-demo-2024", "net-core-7-maui-rest-demo-2024\net-core-7-maui-rest-demo-2024.csproj", "{5CD3A26B-37A9-4FDF-8315-8AD72B87419E}"
EndProject
Global
	GlobalSection(SolutionConfigurationPlatforms) = preSolution
		Debug|Any CPU = Debug|Any CPU
		Release|Any CPU = Release|Any CPU
	EndGlobalSection
	GlobalSection(ProjectConfigurationPlatforms) = postSolution
		{5CD3A26B-37A9-4FDF-8315-8AD72B87419E}.Debug|Any CPU.ActiveCfg = Debug|Any CPU
		{5CD3A26B-37A9-4FDF-8315-8AD72B87419E}.Debug|Any CPU.Build.0 = Debug|Any CPU
		{5CD3A26B-37A9-4FDF-8315-8AD72B87419E}.Release|Any CPU.ActiveCfg = Release|Any CPU
		{5CD3A26B-37A9-4FDF-8315-8AD72B87419E}.Release|Any CPU.Build.0 = Release|Any CPU
	EndGlobalSection
	GlobalSection(SolutionProperties) = preSolution
		HideSolutionNode = FALSE
	EndGlobalSection
	GlobalSection(ExtensibilityGlobals) = postSolution
		SolutionGuid = {54C9037B-B5E8-4AD1-8B1B-CE2FE647958B}
	EndGlobalSection
EndGlobal
